
Microsoft Visual Studio Solution File, Format Version 12.00
# Visual Studio 15
VisualStudioVersion = 15.0.27428.2037
MinimumVisualStudioVersion = 10.0.40219.1
Project("{FAE04EC0-301F-11D3-BF4B-00C04F79EFBC}") = "Model", "Model\Model.csproj", "{21EEE3C6-8346-44DB-81E9-5C75914F7B87}"
EndProject
Project("{FAE04EC0-301F-11D3-BF4B-00C04F79EFBC}") = "DAL", "DAL\DAL.csproj", "{65FF6552-BF44-45C5-B552-1659BFE9A1AF}"
EndProject
Project("{FAE04EC0-301F-11D3-BF4B-00C04F79EFBC}") = "Core", "Core\Core.csproj", "{A359D53A-8480-403E-A583-AE8679FF25FB}"
EndProject
Project("{FAE04EC0-301F-11D3-BF4B-00C04F79EFBC}") = "BusinessLayerLogic", "Business\BusinessLayerLogic.csproj", "{76FB7376-9CA4-41FD-A2C8-0C67D769DC4A}"
EndProject
Global
	GlobalSection(SolutionConfigurationPlatforms) = preSolution
		Debug|Any CPU = Debug|Any CPU
		Release|Any CPU = Release|Any CPU
	EndGlobalSection
	GlobalSection(ProjectConfigurationPlatforms) = postSolution
		{21EEE3C6-8346-44DB-81E9-5C75914F7B87}.Debug|Any CPU.ActiveCfg = Debug|Any CPU
		{21EEE3C6-8346-44DB-81E9-5C75914F7B87}.Debug|Any CPU.Build.0 = Debug|Any CPU
		{21EEE3C6-8346-44DB-81E9-5C75914F7B87}.Release|Any CPU.ActiveCfg = Release|Any CPU
		{21EEE3C6-8346-44DB-81E9-5C75914F7B87}.Release|Any CPU.Build.0 = Release|Any CPU
		{65FF6552-BF44-45C5-B552-1659BFE9A1AF}.Debug|Any CPU.ActiveCfg = Debug|Any CPU
		{65FF6552-BF44-45C5-B552-1659BFE9A1AF}.Debug|Any CPU.Build.0 = Debug|Any CPU
		{65FF6552-BF44-45C5-B552-1659BFE9A1AF}.Release|Any CPU.ActiveCfg = Release|Any CPU
		{65FF6552-BF44-45C5-B552-1659BFE9A1AF}.Release|Any CPU.Build.0 = Release|Any CPU
		{A359D53A-8480-403E-A583-AE8679FF25FB}.Debug|Any CPU.ActiveCfg = Debug|Any CPU
		{A359D53A-8480-403E-A583-AE8679FF25FB}.Debug|Any CPU.Build.0 = Debug|Any CPU
		{A359D53A-8480-403E-A583-AE8679FF25FB}.Release|Any CPU.ActiveCfg = Release|Any CPU
		{A359D53A-8480-403E-A583-AE8679FF25FB}.Release|Any CPU.Build.0 = Release|Any CPU
		{76FB7376-9CA4-41FD-A2C8-0C67D769DC4A}.Debug|Any CPU.ActiveCfg = Debug|Any CPU
		{76FB7376-9CA4-41FD-A2C8-0C67D769DC4A}.Debug|Any CPU.Build.0 = Debug|Any CPU
		{76FB7376-9CA4-41FD-A2C8-0C67D769DC4A}.Release|Any CPU.ActiveCfg = Release|Any CPU
		{76FB7376-9CA4-41FD-A2C8-0C67D769DC4A}.Release|Any CPU.Build.0 = Release|Any CPU
	EndGlobalSection
	GlobalSection(SolutionProperties) = preSolution
		HideSolutionNode = FALSE
	EndGlobalSection
	GlobalSection(ExtensibilityGlobals) = postSolution
		SolutionGuid = {38E0A67D-8417-4CB6-AF34-3A1F13C12B4B}
	EndGlobalSection
EndGlobal
